github.com/gorilla/mux v1.8.1 h1:TuBL49tXwgrFYWhqrNgrUNEY92u81SPhu7sTdzQEiWY=
github.com/gorilla/mux v1.8.1/go.mod h1:AKf9I4AEqPTmMytcMc0KkNouC66V3BtZ4qD5fmWSiMQ=
github.com/inconshreveable/go-update v0.0.0-20160112193335-8152e7eb6ccf h1:WfD7VjIE6z8dIvMsI4/s+1qr5EL+zoIGev1BQj1eoJ8=
github.com/inconshreveable/go-update v0.0.0-20160112193335-8152e7eb6ccf/go.mod h1:hyb9oH7vZsitZCiBt0ZvifOrB+qc8PS5IiilCIb87rg=
github.com/kardianos/service v1.2.2 h1:ZvePhAHfvo0A7Mftk/tEzqEZ7Q4lgnR8sGz4xu1YX60=
github.com/kardianos/service v1.2.2/go.mod h1:CIMRFEJVL+0DS1a3Nx06NaMn4Dz63Ng6O7dl0qH0zVM=
github.com/kr/binarydist v0.1.0 h1:6kAoLA9FMMnNGSehX0s1PdjbEaACznAv/W219j2uvyo=
github.com/kr/binarydist v0.1.0/go.mod h1:DY7S//GCoz1BCd0B0EVrinCKAZN3pXe+MDaIZbXQVgM=
github.com/xxl6097/glog v0.1.23 h1:Of4SasEGWxDW7DMkcxSPVbxa0u19dOX9iuxuxqvU/Z4=
github.com/xxl6097/glog v0.1.23/go.mod h1:Ug/BU4gFQMUoDgY1t8bJZU9T472CXcj70BekRC+fz+k=
github.com/xxl6097/glog v0.1.24 h1:itot7gTNFMiEWYVvlz+myHx5s0yKd2q4YvaSJmTdSYE=
github.com/xxl6097/glog v0.1.24/go.mod h1:Ug/BU4gFQMUoDgY1t8bJZU9T472CXcj70BekRC+fz+k=
github.com/xxl6097/glog v0.1.25 h1:DWLQAaQ3TJX914wxPQj4dZcytvFIQwdqaP8N8UJNVu8=
github.com/xxl6097/glog v0.1.25/go.mod h1:Ug/BU4gFQMUoDgY1t8bJZU9T472CXcj70BekRC+fz+k=
github.com/xxl6097/glog v0.1.26 h1:Xtj5on4ztfZiGfwyP/FHmA8Tc02Efqi3d1dA4Sjn23o=
github.com/xxl6097/glog v0.1.26/go.mod h1:Ug/BU4gFQMUoDgY1t8bJZU9T472CXcj70BekRC+fz+k=
github.com/xxl6097/glog v0.1.27 h1:vFncZsMib9GOiFs5ERFu/qn+1MyKugcRXt+OVCwGAVc=
github.com/xxl6097/glog v0.1.27/go.mod h1:Ug/BU4gFQMUoDgY1t8bJZU9T472CXcj70BekRC+fz+k=
github.com/xxl6097/glog v0.1.29 h1:VcODavOsj3VqmvDgswSGT7DcJ3LL2kiOfJFPS9bzuEE=
github.com/xxl6097/glog v0.1.29/go.mod h1:Ug/BU4gFQMUoDgY1t8bJZU9T472CXcj70BekRC+fz+k=
github.com/xxl6097/glog v0.1.30 h1:qQwCyAglQMOfWEARPUIfplaz+6aHjV552UaAagLG1VE=
github.com/xxl6097/glog v0.1.30/go.mod h1:Ug/BU4gFQMUoDgY1t8bJZU9T472CXcj70BekRC+fz+k=
golang.org/x/sys v0.0.0-20201015000850-e3ed0017c211/go.mod h1:h1NjWce9XRLGQEsW7wpKNCjG9DtNlClVuFLEZdDNbEs=
golang.org/x/sys v0.30.0 h1:QjkSwP/36a20jFYWkSue1YwXzLmsV5Gfq7Eiy72C1uc=
golang.org/x/sys v0.30.0/go.mod h1:/VUhepiaJMQUp4+oa/7Zr1D23ma6VTLIYjOOTFZPUcA=
